
Microsoft Visual Studio Solution File, Format Version 12.00
# Visual Studio Version 17
VisualStudioVersion = 17.7.34221.43
MinimumVisualStudioVersion = 10.0.40219.1
Project("{FAE04EC0-301F-11D3-BF4B-00C04F79EFBC}") = "ООО Лабиринт", "ООО Лабиринт\ООО Лабиринт.csproj", "{9542AD19-B0A4-463F-BB1B-CFF569D8CFD0}"
EndProject
Project("{FAE04EC0-301F-11D3-BF4B-00C04F79EFBC}") = "ООО Лабиринт Tests", "ООО Лабиринт Tests\ООО Лабиринт Tests.csproj", "{EE260737-6821-4437-B729-99649340EDDC}"
EndProject
Global
	GlobalSection(SolutionConfigurationPlatforms) = preSolution
		Debug|Any CPU = Debug|Any CPU
		Release|Any CPU = Release|Any CPU
	EndGlobalSection
	GlobalSection(ProjectConfigurationPlatforms) = postSolution
		{9542AD19-B0A4-463F-BB1B-CFF569D8CFD0}.Debug|Any CPU.ActiveCfg = Debug|Any CPU
		{9542AD19-B0A4-463F-BB1B-CFF569D8CFD0}.Debug|Any CPU.Build.0 = Debug|Any CPU
		{9542AD19-B0A4-463F-BB1B-CFF569D8CFD0}.Release|Any CPU.ActiveCfg = Release|Any CPU
		{9542AD19-B0A4-463F-BB1B-CFF569D8CFD0}.Release|Any CPU.Build.0 = Release|Any CPU
		{EE260737-6821-4437-B729-99649340EDDC}.Debug|Any CPU.ActiveCfg = Debug|Any CPU
		{EE260737-6821-4437-B729-99649340EDDC}.Debug|Any CPU.Build.0 = Debug|Any CPU
		{EE260737-6821-4437-B729-99649340EDDC}.Release|Any CPU.ActiveCfg = Release|Any CPU
		{EE260737-6821-4437-B729-99649340EDDC}.Release|Any CPU.Build.0 = Release|Any CPU
	EndGlobalSection
	GlobalSection(SolutionProperties) = preSolution
		HideSolutionNode = FALSE
	EndGlobalSection
	GlobalSection(ExtensibilityGlobals) = postSolution
		SolutionGuid = {07595745-6FF0-4FBE-9A32-1B56B8870562}
	EndGlobalSection
EndGlobal
